
Microsoft Visual Studio Solution File, Format Version 12.00
# Visual Studio Version 17
VisualStudioVersion = 17.3.32922.545
MinimumVisualStudioVersion = 10.0.40219.1
Project("{FAE04EC0-301F-11D3-BF4B-00C04F79EFBC}") = "Algorithms", "Algorithms\Algorithms.csproj", "{5CE97159-9478-466D-9918-EFEA3A9FD77B}"
EndProject
Global
	GlobalSection(SolutionConfigurationPlatforms) = preSolution
		Debug|Any CPU = Debug|Any CPU
		Release|Any CPU = Release|Any CPU
	EndGlobalSection
	GlobalSection(ProjectConfigurationPlatforms) = postSolution
		{5CE97159-9478-466D-9918-EFEA3A9FD77B}.Debug|Any CPU.ActiveCfg = Debug|Any CPU
		{5CE97159-9478-466D-9918-EFEA3A9FD77B}.Debug|Any CPU.Build.0 = Debug|Any CPU
		{5CE97159-9478-466D-9918-EFEA3A9FD77B}.Release|Any CPU.ActiveCfg = Release|Any CPU
		{5CE97159-9478-466D-9918-EFEA3A9FD77B}.Release|Any CPU.Build.0 = Release|Any CPU
	EndGlobalSection
	GlobalSection(SolutionProperties) = preSolution
		HideSolutionNode = FALSE
	EndGlobalSection
	GlobalSection(ExtensibilityGlobals) = postSolution
		SolutionGuid = {51E2F0CB-4A61-4AE1-9BCE-46F4E68CEFC1}
	EndGlobalSection
EndGlobal
